// !$*UTF8*$!
{
	archiveVersion = 1;
	classes = {
	};
	objectVersion = 46;
	objects = {

/* Begin PBXBuildFile section */
		F330FFF71D1F792F0024F279 /* main.swift in Sources */ = {isa = PBXBuildFile; fileRef = F330FFF61D1F792F0024F279 /* main.swift */; };
/* End PBXBuildFile section */

/* Begin PBXCopyFilesBuildPhase section */
		F330FFF11D1F792F0024F279 /* CopyFiles */ = {
			isa = PBXCopyFilesBuildPhase;
			buildActionMask = 2147483647;
			dstPath = /usr/share/man/man1/;
			dstSubfolderSpec = 0;
			files = (
			);
			runOnlyForDeploymentPostprocessing = 1;
		};
/* End PBXCopyFilesBuildPhase section */

/* Begin PBXFileReference section */
		F330FFF31D1F792F0024F279 /* Swifter-Algorithm */ = {isa = PBXFileReference; explicitFileType = "compiled.mach-o.executable"; includeInIndex = 0; path = "Swifter-Algorithm"; sourceTree = BUILT_PRODUCTS_DIR; };
		F330FFF61D1F792F0024F279 /* main.swift */ = {isa = PBXFileReference; lastKnownFileType = sourcecode.swift; path = main.swift; sourceTree = "<group>"; };
		F3751ED11D1F7A2D006F808A /* 二分法.playground */ = {isa = PBXFileReference; lastKnownFileType = file.playground; path = "二分法.playground"; sourceTree = "<group>"; };
		F3751ED21D1F7A2D006F808A /* 冒泡排序.playground */ = {isa = PBXFileReference; lastKnownFileType = file.playground; path = "冒泡排序.playground"; sourceTree = "<group>"; };
/* End PBXFileReference section */

/* Begin PBXFrameworksBuildPhase section */
		F330FFF01D1F792F0024F279 /* Frameworks */ = {
			isa = PBXFrameworksBuildPhase;
			buildActionMask = 2147483647;
			files = (
			);
			runOnlyForDeploymentPostprocessing = 0;
		};
/* End PBXFrameworksBuildPhase section */

/* Begin PBXGroup section */
		F330FFEA1D1F792F0024F279 = {
			isa = PBXGroup;
			children = (
				F330FFF51D1F792F0024F279 /* Swifter-Algorithm */,
				F330FFF41D1F792F0024F279 /* Products */,
			);
			sourceTree = "<group>";
		};
		F330FFF41D1F792F0024F279 /* Products */ = {
			isa = PBXGroup;
			children = (
				F330FFF31D1F792F0024F279 /* Swifter-Algorithm */,
			);
			name = Products;
			sourceTree = "<group>";
		};
		F330FFF51D1F792F0024F279 /* Swifter-Algorithm */ = {
			isa = PBXGroup;
			children = (
				F330FFF61D1F792F0024F279 /* main.swift */,
				F3751ED11D1F7A2D006F808A /* 二分法.playground */,
				F3751ED21D1F7A2D006F808A /* 冒泡排序.playground */,
			);
			path = "Swifter-Algorithm";
			sourceTree = "<group>";
		};
/* End PBXGroup section */

/* Begin PBXNativeTarget section */
		F330FFF21D1F792F0024F279 /* Swifter-Algorithm */ = {
			isa = PBXNativeTarget;
			buildConfigurationList = F330FFFA1D1F792F0024F279 /* Build configuration list for PBXNativeTarget "Swifter-Algorithm" */;
			buildPhases = (
				F330FFEF1D1F792F0024F279 /* Sources */,
				F330FFF01D1F792F0024F279 /* Frameworks */,
				F330FFF11D1F792F0024F279 /* CopyFiles */,
			);
			buildRules = (
			);
			dependencies = (
			);
			name = "Swifter-Algorithm";
			productName = "Swifter-Algorithm";
			productReference = F330FFF31D1F792F0024F279 /* Swifter-Algorithm */;
			productType = "com.apple.product-type.tool";
		};
/* End PBXNativeTarget section */

/* Begin PBXProject section */
		F330FFEB1D1F792F0024F279 /* Project object */ = {
			isa = PBXProject;
			attributes = {
				LastSwiftUpdateCheck = 0800;
				LastUpgradeCheck = 0800;
				ORGANIZATIONNAME = fangyuan;
				TargetAttributes = {
					F330FFF21D1F792F0024F279 = {
						CreatedOnToolsVersion = 8.0;
						DevelopmentTeam = XG938947YD;
						DevelopmentTeamName = "圆 方 (Personal Team)";
						ProvisioningStyle = Automatic;
					};
				};
			};
			buildConfigurationList = F330FFEE1D1F792F0024F279 /* Build configuration list for PBXProject "Swifter-Algorithm" */;
			compatibilityVersion = "Xcode 3.2";
			developmentRegion = English;
			hasScannedForEncodings = 0;
			knownRegions = (
				en,
			);
			mainGroup = F330FFEA1D1F792F0024F279;
			productRefGroup = F330FFF41D1F792F0024F279 /* Products */;
			projectDirPath = "";
			projectRoot = "";
			targets = (
				F330FFF21D1F792F0024F279 /* Swifter-Algorithm */,
			);
		};
/* End PBXProject section */

/* Begin PBXSourcesBuildPhase section */
		F330FFEF1D1F792F0024F279 /* Sources */ = {
			isa = PBXSourcesBuildPhase;
			buildActionMask = 2147483647;
			files = (
				F330FFF71D1F792F0024F279 /* main.swift in Sources */,
			);
			runOnlyForDeploymentPostprocessing = 0;
		};
/* End PBXSourcesBuildPhase section */

/* Begin XCBuildConfiguration section */
		F330FFF81D1F792F0024F279 /* Debug */ = {
			isa = XCBuildConfiguration;
			buildSettings = {
				ALWAYS_SEARCH_USER_PATHS = NO;
				CLANG_ANALYZER_NONNULL = YES;
				CLANG_CXX_LANGUAGE_STANDARD = "gnu++0x";
				CLANG_CXX_LIBRARY = "libc++";
				CLANG_ENABLE_MODULES = YES;
				CLANG_ENABLE_OBJC_ARC = YES;
				CLANG_WARN_BOOL_CONVERSION = YES;
				CLANG_WARN_CONSTANT_CONVERSION = YES;
				CLANG_WARN_DIRECT_OBJC_ISA_USAGE = YES_ERROR;
				CLANG_WARN_DOCUMENTATION_COMMENTS = YES;
				CLANG_WARN_EMPTY_BODY = YES;
				CLANG_WARN_ENUM_CONVERSION = YES;
				CLANG_WARN_INT_CONVERSION = YES;
				CLANG_WARN_OBJC_ROOT_CLASS = YES_ERROR;
				CLANG_WARN_UNREACHABLE_CODE = YES;
				CLANG_WARN__DUPLICATE_METHOD_MATCH = YES;
				CODE_SIGN_IDENTITY = "-";
				COPY_PHASE_STRIP = NO;
				DEBUG_INFORMATION_FORMAT = dwarf;
				ENABLE_STRICT_OBJC_MSGSEND = YES;
				ENABLE_TESTABILITY = YES;
				GCC_C_LANGUAGE_STANDARD = gnu99;
				GCC_DYNAMIC_NO_PIC = NO;
				GCC_NO_COMMON_BLOCKS = YES;
				GCC_OPTIMIZATION_LEVEL = 0;
				GCC_PREPROCESSOR_DEFINITIONS = (
					"DEBUG=1",
					"$(inherited)",
				);
				GCC_WARN_64_TO_32_BIT_CONVERSION = YES;
				GCC_WARN_ABOUT_RETURN_TYPE = YES_ERROR;
				GCC_WARN_UNDECLARED_SELECTOR = YES;
				GCC_WARN_UNINITIALIZED_AUTOS = YES_AGGRESSIVE;
				GCC_WARN_UNUSED_FUNCTION = YES;
				GCC_WARN_UNUSED_VARIABLE = YES;
				MACOSX_DEPLOYMENT_TARGET = 10.11;
				MTL_ENABLE_DEBUG_INFO = YES;
				ONLY_ACTIVE_ARCH = YES;
				SDKROOT = macosx;
				SWIFT_OPTIMIZATION_LEVEL = "-Onone";
			};
			name = Debug;
		};
		F330FFF91D1F792F0024F279 /* Release */ = {
			isa = XCBuildConfiguration;
			buildSettings = {
				ALWAYS_SEARCH_USER_PATHS = NO;
				CLANG_ANALYZER_NONNULL = YES;
				CLANG_CXX_LANGUAGE_STANDARD = "gnu++0x";
				CLANG_CXX_LIBRARY = "libc++";
				CLANG_ENABLE_MODULES = YES;
				CLANG_ENABLE_OBJC_ARC = YES;
				CLANG_WARN_BOOL_CONVERSION = YES;
				CLANG_WARN_CONSTANT_CONVERSION = YES;
				CLANG_WARN_DIRECT_OBJC_ISA_USAGE = YES_ERROR;
				CLANG_WARN_DOCUMENTATION_COMMENTS = YES;
				CLANG_WARN_EMPTY_BODY = YES;
				CLANG_WARN_ENUM_CONVERSION = YES;
				CLANG_WARN_INT_CONVERSION = YES;
				CLANG_WARN_OBJC_ROOT_CLASS = YES_ERROR;
				CLANG_WARN_UNREACHABLE_CODE = YES;
				CLANG_WARN__DUPLICATE_METHOD_MATCH = YES;
				CODE_SIGN_IDENTITY = "-";
				COPY_PHASE_STRIP = NO;
				DEBUG_INFORMATION_FORMAT = "dwarf-with-dsym";
				ENABLE_NS_ASSERTIONS = NO;
				ENABLE_STRICT_OBJC_MSGSEND = YES;
				GCC_C_LANGUAGE_STANDARD = gnu99;
				GCC_NO_COMMON_BLOCKS = YES;
				GCC_WARN_64_TO_32_BIT_CONVERSION = YES;
				GCC_WARN_ABOUT_RETURN_TYPE = YES_ERROR;
				GCC_WARN_UNDECLARED_SELECTOR = YES;
				GCC_WARN_UNINITIALIZED_AUTOS = YES_AGGRESSIVE;
				GCC_WARN_UNUSED_FUNCTION = YES;
				GCC_WARN_UNUSED_VARIABLE = YES;
				MACOSX_DEPLOYMENT_TARGET = 10.11;
				MTL_ENABLE_DEBUG_INFO = NO;
				SDKROOT = macosx;
			};
			name = Release;
		};
		F330FFFB1D1F792F0024F279 /* Debug */ = {
			isa = XCBuildConfiguration;
			buildSettings = {
				PRODUCT_NAME = "$(TARGET_NAME)";
			};
			name = Debug;
		};
		F330FFFC1D1F792F0024F279 /* Release */ = {
			isa = XCBuildConfiguration;
			buildSettings = {
				PRODUCT_NAME = "$(TARGET_NAME)";
			};
			name = Release;
		};
/* End XCBuildConfiguration section */

/* Begin XCConfigurationList section */
		F330FFEE1D1F792F0024F279 /* Build configuration list for PBXProject "Swifter-Algorithm" */ = {
			isa = XCConfigurationList;
			buildConfigurations = (
				F330FFF81D1F792F0024F279 /* Debug */,
				F330FFF91D1F792F0024F279 /* Release */,
			);
			defaultConfigurationIsVisible = 0;
			defaultConfigurationName = Release;
		};
		F330FFFA1D1F792F0024F279 /* Build configuration list for PBXNativeTarget "Swifter-Algorithm" */ = {
			isa = XCConfigurationList;
			buildConfigurations = (
				F330FFFB1D1F792F0024F279 /* Debug */,
				F330FFFC1D1F792F0024F279 /* Release */,
			);
			defaultConfigurationIsVisible = 0;
			defaultConfigurationName = Release;
		};
/* End XCConfigurationList section */
	};
	rootObject = F330FFEB1D1F792F0024F279 /* Project object */;
}
